<Solution>
  <Project Path="Assembly-CSharp.csproj" />
  <Project Path="PhotonRealtime.csproj" />
  <Project Path="PhotonUnityNetworking.Editor.csproj" />
  <Project Path="PhotonUnityNetworking.csproj" />
  <Project Path="Boxophobic.Utils.Editor.csproj" />
  <Project Path="PhotonUnityNetworking.Demos.csproj" />
  <Project Path="Boxophobic.Utils.Scripts.csproj" />
  <Project Path="PhotonUnityNetworking.Utilities.csproj" />
  <Project Path="PokeChess.EditorTests.csproj" />
  <Project Path="Assembly-CSharp-Editor.csproj" />
  <Project Path="PunDemos.DemoHubEditor.csproj" />
  <Project Path="Boxophobic.PolyverseSkies.Editor.csproj" />
  <Project Path="PunDemos.DemoSlotcarEditor.csproj" />
  <Project Path="PhotonChat.csproj" />
  <Project Path="PhotonUnityNetworking.Utilities.PhotonPlayer.Editor.csproj" />
  <Project Path="PokeChess.Editor.Diagnostics.csproj" />
  <Project Path="Boxophobic.PolyverseSkies.Runtime.csproj" />
  <Project Path="Boxophobic.PolyverseSkies.Scripts.csproj" />
  <Project Path="PhotonUnityNetworking.Utilities.Culling.Editor.csproj" />
</Solution>
